{
	"name": "invitation-registry",
	"requires": true,
	"lockfileVersion": 1,
	"dependencies": {
		"husky": {
			"version": "9.0.1",
			"resolved": "https://registry.npmjs.org/husky/-/husky-9.0.1.tgz",
			"integrity": "sha512-rXCT8yF2v3awSG03AG6IgICDhJ+m8o3jL1ROwsT4nQZ6urEyKSj0IWFDIh5YC2zgZeAxWksNMbN6rYY4BE1Zrw==",
			"dev": true
		},
		"prettier": {
			"version": "3.6.2",
			"resolved": "https://registry.npmjs.org/prettier/-/prettier-3.6.2.tgz",
			"integrity": "sha512-I7AIg5boAr5R0FFtJ6rCfD+LFsWHp81dolrFD8S79U9tb8Az2nGrJncnMSnys+bpQJfRUzqs9hnA81OAA3hCuQ==",
			"dev": true
		}
	}
}
