{
	"name": "invitation-registry",
	"requires": true,
	"lockfileVersion": 1,
	"dependencies": {
		"husky": {
			"version": "9.0.1",
			"resolved": "https://registry.npmjs.org/husky/-/husky-9.0.1.tgz",
			"integrity": "sha512-rXCT8yF2v3awSG03AG6IgICDhJ+m8o3jL1ROwsT4nQZ6urEyKSj0IWFDIh5YC2zgZeAxWksNMbN6rYY4BE1Zrw==",
			"dev": true
		},
		"prettier": {
			"version": "3.8.4",
			"resolved": "https://registry.npmjs.org/prettier/-/prettier-3.8.4.tgz",
			"integrity": "sha512-N2MylSdi48+5N/6S5j+maeHbUSIzzZ5uOcX5Hm4QpV8Dkb1HFjfAKTKX6yNPJQD9AhcT3ifHNB66tWTTJDi11Q==",
			"dev": true
		}
	}
}
