{
	"name": "invitation-registry",
	"requires": true,
	"lockfileVersion": 1,
	"dependencies": {
		"husky": {
			"version": "9.0.1",
			"resolved": "https://registry.npmjs.org/husky/-/husky-9.0.1.tgz",
			"integrity": "sha512-rXCT8yF2v3awSG03AG6IgICDhJ+m8o3jL1ROwsT4nQZ6urEyKSj0IWFDIh5YC2zgZeAxWksNMbN6rYY4BE1Zrw==",
			"dev": true
		},
		"prettier": {
			"version": "3.7.4",
			"resolved": "https://registry.npmjs.org/prettier/-/prettier-3.7.4.tgz",
			"integrity": "sha512-v6UNi1+3hSlVvv8fSaoUbggEM5VErKmmpGA7Pl3HF8V6uKY7rvClBOJlH6yNwQtfTueNkGVpOv/mtWL9L4bgRA==",
			"dev": true
		}
	}
}
